
Microsoft Visual Studio Solution File, Format Version 12.00
# Visual Studio Version 17
VisualStudioVersion = 17.9.34728.123
MinimumVisualStudioVersion = 10.0.40219.1
Project("{FAE04EC0-301F-11D3-BF4B-00C04F79EFBC}") = "WindowsFormsApp1", "WindowsFormsApp1\WindowsFormsApp1.csproj", "{A1CDBBF3-F0EE-44A8-8282-06461C886FEE}"
EndProject
Global
	GlobalSection(SolutionConfigurationPlatforms) = preSolution
		Debug|Any CPU = Debug|Any CPU
		Release|Any CPU = Release|Any CPU
	EndGlobalSection
	GlobalSection(ProjectConfigurationPlatforms) = postSolution
		{A1CDBBF3-F0EE-44A8-8282-06461C886FEE}.Debug|Any CPU.ActiveCfg = Debug|Any CPU
		{A1CDBBF3-F0EE-44A8-8282-06461C886FEE}.Debug|Any CPU.Build.0 = Debug|Any CPU
		{A1CDBBF3-F0EE-44A8-8282-06461C886FEE}.Release|Any CPU.ActiveCfg = Release|Any CPU
		{A1CDBBF3-F0EE-44A8-8282-06461C886FEE}.Release|Any CPU.Build.0 = Release|Any CPU
	EndGlobalSection
	GlobalSection(SolutionProperties) = preSolution
		HideSolutionNode = FALSE
	EndGlobalSection
	GlobalSection(ExtensibilityGlobals) = postSolution
		SolutionGuid = {338335B0-800A-4D56-88C1-39622881B280}
	EndGlobalSection
EndGlobal
